name: appsec_poc-Twistlock-Scan

on: 
  workflow_dispatch:

env:
  IMAGE_NAME: $GITHUB_WORKFLOW:$GITHUB_RUN_ID

jobs:
  Build:

    runs-on: ubuntu-latest
    
    steps:

      - name: Check out Code
        uses: actions/checkout@v3

      - name: echoing the file name
        run: echo $GITHUB_WORKFLOW:$GITHUB_RUN_ID
        
      - name: Building Docker Images
        run: |
          echo ${{env.IMAGE_NAME}}
          docker image build -t $GITHUB_WORKFLOW:$GITHUB_RUN_ID . 

         
      - name: Download and scan twistcli
        run: |
          curl -s -k -L -u ${{secrets.PCC_USER}}:${{secrets.PCC_PASS}} ${{ secrets.PCC_CONSOLE_URL }}/api/v1/util/twistcli > twistcli
          ls -la
          chmod 0755 twistcli
          ls -la
          ./twistcli images scan -u ${{secrets.PCC_USER}} -p ${{secrets.PCC_PASS}} --address ${{ secrets.PCC_CONSOLE_URL }} --details --output-file ./twistcli.log --ci ${{env.IMAGE_NAME}}
          
